
Microsoft Visual Studio Solution File, Format Version 12.00
# Visual Studio Version 16
VisualStudioVersion = 16.0.30804.86
MinimumVisualStudioVersion = 10.0.40219.1
Project("{FAE04EC0-301F-11D3-BF4B-00C04F79EFBC}") = "ReservationSystem", "ReservationSystem\ReservationSystem.csproj", "{940AF0BC-21E9-43BB-9F22-47E12D93CD7F}"
EndProject
Global
	GlobalSection(SolutionConfigurationPlatforms) = preSolution
		Debug|Any CPU = Debug|Any CPU
		Release|Any CPU = Release|Any CPU
	EndGlobalSection
	GlobalSection(ProjectConfigurationPlatforms) = postSolution
		{940AF0BC-21E9-43BB-9F22-47E12D93CD7F}.Debug|Any CPU.ActiveCfg = Debug|Any CPU
		{940AF0BC-21E9-43BB-9F22-47E12D93CD7F}.Debug|Any CPU.Build.0 = Debug|Any CPU
		{940AF0BC-21E9-43BB-9F22-47E12D93CD7F}.Release|Any CPU.ActiveCfg = Release|Any CPU
		{940AF0BC-21E9-43BB-9F22-47E12D93CD7F}.Release|Any CPU.Build.0 = Release|Any CPU
	EndGlobalSection
	GlobalSection(SolutionProperties) = preSolution
		HideSolutionNode = FALSE
	EndGlobalSection
	GlobalSection(ExtensibilityGlobals) = postSolution
		SolutionGuid = {747C1087-B56D-45D9-8499-BC5DA8D49EEB}
	EndGlobalSection
EndGlobal
